
Microsoft Visual Studio Solution File, Format Version 12.00
# Visual Studio 15
VisualStudioVersion = 15.0.28307.489
MinimumVisualStudioVersion = 10.0.40219.1
Project("{2150E333-8FDC-42A3-9474-1A3956D46DE8}") = "API", "API", "{7A2C701E-31B8-41EA-A6F3-0A0B4948ADE4}"
EndProject
Project("{FAE04EC0-301F-11D3-BF4B-00C04F79EFBC}") = "ECLK.MasterData.API", "API\ECLK.MasterData.API\ECLK.MasterData.API.csproj", "{2D7E8FD6-7014-4C87-9296-494C760A0F51}"
EndProject
Global
	GlobalSection(SolutionConfigurationPlatforms) = preSolution
		Debug|Any CPU = Debug|Any CPU
		Release|Any CPU = Release|Any CPU
	EndGlobalSection
	GlobalSection(ProjectConfigurationPlatforms) = postSolution
		{2D7E8FD6-7014-4C87-9296-494C760A0F51}.Debug|Any CPU.ActiveCfg = Debug|Any CPU
		{2D7E8FD6-7014-4C87-9296-494C760A0F51}.Debug|Any CPU.Build.0 = Debug|Any CPU
		{2D7E8FD6-7014-4C87-9296-494C760A0F51}.Release|Any CPU.ActiveCfg = Release|Any CPU
		{2D7E8FD6-7014-4C87-9296-494C760A0F51}.Release|Any CPU.Build.0 = Release|Any CPU
	EndGlobalSection
	GlobalSection(SolutionProperties) = preSolution
		HideSolutionNode = FALSE
	EndGlobalSection
	GlobalSection(NestedProjects) = preSolution
		{2D7E8FD6-7014-4C87-9296-494C760A0F51} = {7A2C701E-31B8-41EA-A6F3-0A0B4948ADE4}
	EndGlobalSection
	GlobalSection(ExtensibilityGlobals) = postSolution
		SolutionGuid = {5B7033F4-918C-405B-AE14-D2DD630CB771}
	EndGlobalSection
EndGlobal
